
Microsoft Visual Studio Solution File, Format Version 12.00
# Visual Studio Version 17
VisualStudioVersion = 17.4.33103.184
MinimumVisualStudioVersion = 10.0.40219.1
Project("{FAE04EC0-301F-11D3-BF4B-00C04F79EFBC}") = "WSInj", "WSInj\WSInj.csproj", "{DB08DE9E-4DE8-4514-AC3F-0594F429D916}"
EndProject
Global
	GlobalSection(SolutionConfigurationPlatforms) = preSolution
		Debug|Any CPU = Debug|Any CPU
		Release|Any CPU = Release|Any CPU
	EndGlobalSection
	GlobalSection(ProjectConfigurationPlatforms) = postSolution
		{DB08DE9E-4DE8-4514-AC3F-0594F429D916}.Debug|Any CPU.ActiveCfg = Debug|Any CPU
		{DB08DE9E-4DE8-4514-AC3F-0594F429D916}.Debug|Any CPU.Build.0 = Debug|Any CPU
		{DB08DE9E-4DE8-4514-AC3F-0594F429D916}.Release|Any CPU.ActiveCfg = Release|Any CPU
		{DB08DE9E-4DE8-4514-AC3F-0594F429D916}.Release|Any CPU.Build.0 = Release|Any CPU
	EndGlobalSection
	GlobalSection(SolutionProperties) = preSolution
		HideSolutionNode = FALSE
	EndGlobalSection
	GlobalSection(ExtensibilityGlobals) = postSolution
		SolutionGuid = {B6A8292B-D32B-4DFA-A35C-C6244C416E87}
	EndGlobalSection
EndGlobal
